{
    "name": "test",
    "version": "1.0.0",
    "lockfileVersion": 2,
    "requires": true,
    "packages": {
        "": {
            "name": "test",
            "version": "1.0.0",
            "license": "ISC",
            "dependencies": {
                "sno-mongo-ku": "file:.."
            }
        },
        "..": {
            "version": "2.6.9",
            "license": "GPL-3.0-or-later",
            "dependencies": {
                "mongodb": "^3.6.3",
                "p-queue": "^6.6.2"
            },
            "devDependencies": {
                "@babel/cli": "^7.16.0",
                "@babel/core": "^7.16.0",
                "@babel/node": "^7.16.0",
                "@babel/preset-env": "^7.16.4",
                "@babel/preset-typescript": "^7.16.0",
                "@commitlint/cli": "^12.1.4",
                "@commitlint/config-conventional": "^12.1.4",
                "@rollup/plugin-typescript": "^8.1.1",
                "@types/mongodb": "^3.6.3",
                "@types/node": "^14.14.16",
                "conventional-changelog-cli": "^2.1.1",
                "dotenv": "^8.2.0",
                "husky": "^5.1.3",
                "nodemon": "^2.0.15",
                "rollup": "^2.40.0",
                "rollup-plugin-typescript2": "^0.29.0",
                "ts-node": "^10.4.0",
                "typescript": "^4.1.3"
            }
        },
        "node_modules/sno-mongo-ku": {
            "resolved": "..",
            "link": true
        }
    },
    "dependencies": {
        "sno-mongo-ku": {
            "version": "file:..",
            "requires": {
                "@babel/cli": "^7.16.0",
                "@babel/core": "^7.16.0",
                "@babel/node": "^7.16.0",
                "@babel/preset-env": "^7.16.4",
                "@babel/preset-typescript": "^7.16.0",
                "@commitlint/cli": "^12.1.4",
                "@commitlint/config-conventional": "^12.1.4",
                "@rollup/plugin-typescript": "^8.1.1",
                "@types/mongodb": "^3.6.3",
                "@types/node": "^14.14.16",
                "conventional-changelog-cli": "^2.1.1",
                "dotenv": "^8.2.0",
                "husky": "^5.1.3",
                "mongodb": "^3.6.3",
                "nodemon": "^2.0.15",
                "p-queue": "^6.6.2",
                "rollup": "^2.40.0",
                "rollup-plugin-typescript2": "^0.29.0",
                "ts-node": "^10.4.0",
                "typescript": "^4.1.3"
            }
        }
    }
}
